
Microsoft Visual Studio Solution File, Format Version 12.00
# Visual Studio Version 17
VisualStudioVersion = 17.10.35004.147
MinimumVisualStudioVersion = 10.0.40219.1
Project("{FAE04EC0-301F-11D3-BF4B-00C04F79EFBC}") = "subiect7", "subiect7.csproj", "{EB638B07-DAE4-41E7-A54C-AC5EBA5A651B}"
EndProject
Global
	GlobalSection(SolutionConfigurationPlatforms) = preSolution
		Debug|Any CPU = Debug|Any CPU
		Release|Any CPU = Release|Any CPU
	EndGlobalSection
	GlobalSection(ProjectConfigurationPlatforms) = postSolution
		{EB638B07-DAE4-41E7-A54C-AC5EBA5A651B}.Debug|Any CPU.ActiveCfg = Debug|Any CPU
		{EB638B07-DAE4-41E7-A54C-AC5EBA5A651B}.Debug|Any CPU.Build.0 = Debug|Any CPU
		{EB638B07-DAE4-41E7-A54C-AC5EBA5A651B}.Release|Any CPU.ActiveCfg = Release|Any CPU
		{EB638B07-DAE4-41E7-A54C-AC5EBA5A651B}.Release|Any CPU.Build.0 = Release|Any CPU
	EndGlobalSection
	GlobalSection(SolutionProperties) = preSolution
		HideSolutionNode = FALSE
	EndGlobalSection
	GlobalSection(ExtensibilityGlobals) = postSolution
		SolutionGuid = {C16B506A-D4D0-46E1-9723-A2CC4E736F2F}
	EndGlobalSection
EndGlobal
