
Microsoft Visual Studio Solution File, Format Version 12.00
# Visual Studio Version 17
VisualStudioVersion = 17.10.35004.147
MinimumVisualStudioVersion = 10.0.40219.1
Project("{FAE04EC0-301F-11D3-BF4B-00C04F79EFBC}") = "subiect5", "subiect5.csproj", "{FA5A5678-FAC9-496A-8CFA-01A1E48C602C}"
EndProject
Global
	GlobalSection(SolutionConfigurationPlatforms) = preSolution
		Debug|Any CPU = Debug|Any CPU
		Release|Any CPU = Release|Any CPU
	EndGlobalSection
	GlobalSection(ProjectConfigurationPlatforms) = postSolution
		{FA5A5678-FAC9-496A-8CFA-01A1E48C602C}.Debug|Any CPU.ActiveCfg = Debug|Any CPU
		{FA5A5678-FAC9-496A-8CFA-01A1E48C602C}.Debug|Any CPU.Build.0 = Debug|Any CPU
		{FA5A5678-FAC9-496A-8CFA-01A1E48C602C}.Release|Any CPU.ActiveCfg = Release|Any CPU
		{FA5A5678-FAC9-496A-8CFA-01A1E48C602C}.Release|Any CPU.Build.0 = Release|Any CPU
	EndGlobalSection
	GlobalSection(SolutionProperties) = preSolution
		HideSolutionNode = FALSE
	EndGlobalSection
	GlobalSection(ExtensibilityGlobals) = postSolution
		SolutionGuid = {D38C0B0F-8B23-4685-A40E-EA2B87D32315}
	EndGlobalSection
EndGlobal
